
Microsoft Visual Studio Solution File, Format Version 12.00
# Visual Studio 2015
Project("{FAE04EC0-301F-11D3-BF4B-00C04F79EFBC}") = "boston-tanks.CSharp.Plugins", "boston-tanks.CSharp.Plugins.csproj", "{9D0D5DAB-5EB3-18A8-67FB-C8B15D7285FD}"
EndProject
Project("{FAE04EC0-301F-11D3-BF4B-00C04F79EFBC}") = "boston-tanks.CSharp", "boston-tanks.CSharp.csproj", "{20E671E8-ED2B-5DFF-0D1A-C2B44F45C6BF}"
EndProject
Project("{FAE04EC0-301F-11D3-BF4B-00C04F79EFBC}") = "boston-tanks.CSharp.Editor", "boston-tanks.CSharp.Editor.csproj", "{6E9ED567-C156-1809-F2FB-3D66B02BA88E}"
EndProject
Global
	GlobalSection(SolutionConfigurationPlatforms) = preSolution
		Debug|Any CPU = Debug|Any CPU
		Release|Any CPU = Release|Any CPU
	EndGlobalSection
	GlobalSection(ProjectConfigurationPlatforms) = postSolution
		{9D0D5DAB-5EB3-18A8-67FB-C8B15D7285FD}.Debug|Any CPU.ActiveCfg = Debug|Any CPU
		{9D0D5DAB-5EB3-18A8-67FB-C8B15D7285FD}.Debug|Any CPU.Build.0 = Debug|Any CPU
		{9D0D5DAB-5EB3-18A8-67FB-C8B15D7285FD}.Release|Any CPU.ActiveCfg = Release|Any CPU
		{9D0D5DAB-5EB3-18A8-67FB-C8B15D7285FD}.Release|Any CPU.Build.0 = Release|Any CPU
		{20E671E8-ED2B-5DFF-0D1A-C2B44F45C6BF}.Debug|Any CPU.ActiveCfg = Debug|Any CPU
		{20E671E8-ED2B-5DFF-0D1A-C2B44F45C6BF}.Debug|Any CPU.Build.0 = Debug|Any CPU
		{20E671E8-ED2B-5DFF-0D1A-C2B44F45C6BF}.Release|Any CPU.ActiveCfg = Release|Any CPU
		{20E671E8-ED2B-5DFF-0D1A-C2B44F45C6BF}.Release|Any CPU.Build.0 = Release|Any CPU
		{6E9ED567-C156-1809-F2FB-3D66B02BA88E}.Debug|Any CPU.ActiveCfg = Debug|Any CPU
		{6E9ED567-C156-1809-F2FB-3D66B02BA88E}.Debug|Any CPU.Build.0 = Debug|Any CPU
		{6E9ED567-C156-1809-F2FB-3D66B02BA88E}.Release|Any CPU.ActiveCfg = Release|Any CPU
		{6E9ED567-C156-1809-F2FB-3D66B02BA88E}.Release|Any CPU.Build.0 = Release|Any CPU
	EndGlobalSection
	GlobalSection(SolutionProperties) = preSolution
		HideSolutionNode = FALSE
	EndGlobalSection
EndGlobal
