
Microsoft Visual Studio Solution File, Format Version 12.00
# Visual Studio 2015
Project("{FAE04EC0-301F-11D3-BF4B-00C04F79EFBC}") = "boston-tanks.Plugins", "boston-tanks.Plugins.csproj", "{7797CA84-6209-1F0B-B726-514678FBD0BB}"
EndProject
Project("{FAE04EC0-301F-11D3-BF4B-00C04F79EFBC}") = "boston-tanks", "boston-tanks.csproj", "{F2D3FD3B-09D4-B9C7-72DB-4686213CECBF}"
EndProject
Project("{FAE04EC0-301F-11D3-BF4B-00C04F79EFBC}") = "boston-tanks.Editor", "boston-tanks.Editor.csproj", "{573A15A2-B03A-3B30-B2AA-E5DF8211C209}"
EndProject
Global
	GlobalSection(SolutionConfigurationPlatforms) = preSolution
		Debug|Any CPU = Debug|Any CPU
		Release|Any CPU = Release|Any CPU
	EndGlobalSection
	GlobalSection(ProjectConfigurationPlatforms) = postSolution
		{7797CA84-6209-1F0B-B726-514678FBD0BB}.Debug|Any CPU.ActiveCfg = Debug|Any CPU
		{7797CA84-6209-1F0B-B726-514678FBD0BB}.Debug|Any CPU.Build.0 = Debug|Any CPU
		{7797CA84-6209-1F0B-B726-514678FBD0BB}.Release|Any CPU.ActiveCfg = Release|Any CPU
		{7797CA84-6209-1F0B-B726-514678FBD0BB}.Release|Any CPU.Build.0 = Release|Any CPU
		{F2D3FD3B-09D4-B9C7-72DB-4686213CECBF}.Debug|Any CPU.ActiveCfg = Debug|Any CPU
		{F2D3FD3B-09D4-B9C7-72DB-4686213CECBF}.Debug|Any CPU.Build.0 = Debug|Any CPU
		{F2D3FD3B-09D4-B9C7-72DB-4686213CECBF}.Release|Any CPU.ActiveCfg = Release|Any CPU
		{F2D3FD3B-09D4-B9C7-72DB-4686213CECBF}.Release|Any CPU.Build.0 = Release|Any CPU
		{573A15A2-B03A-3B30-B2AA-E5DF8211C209}.Debug|Any CPU.ActiveCfg = Debug|Any CPU
		{573A15A2-B03A-3B30-B2AA-E5DF8211C209}.Debug|Any CPU.Build.0 = Debug|Any CPU
		{573A15A2-B03A-3B30-B2AA-E5DF8211C209}.Release|Any CPU.ActiveCfg = Release|Any CPU
		{573A15A2-B03A-3B30-B2AA-E5DF8211C209}.Release|Any CPU.Build.0 = Release|Any CPU
	EndGlobalSection
	GlobalSection(SolutionProperties) = preSolution
		HideSolutionNode = FALSE
	EndGlobalSection
EndGlobal
